
Microsoft Visual Studio Solution File, Format Version 12.00
# Visual Studio 15
VisualStudioVersion = 15.0.27004.2008
MinimumVisualStudioVersion = 10.0.40219.1
Project("{FAE04EC0-301F-11D3-BF4B-00C04F79EFBC}") = "ACT-R-Client", "ACT-R-Client\ACT-R-Client.csproj", "{271FFD74-AC17-4A8C-8727-51B6CF9F8107}"
EndProject
Project("{FAE04EC0-301F-11D3-BF4B-00C04F79EFBC}") = "Example", "Example\Example.csproj", "{8EDC0E13-919F-491A-ABFB-1657B61C47BC}"
EndProject
Global
	GlobalSection(SolutionConfigurationPlatforms) = preSolution
		Debug|Any CPU = Debug|Any CPU
		Release|Any CPU = Release|Any CPU
	EndGlobalSection
	GlobalSection(ProjectConfigurationPlatforms) = postSolution
		{271FFD74-AC17-4A8C-8727-51B6CF9F8107}.Debug|Any CPU.ActiveCfg = Debug|Any CPU
		{271FFD74-AC17-4A8C-8727-51B6CF9F8107}.Debug|Any CPU.Build.0 = Debug|Any CPU
		{271FFD74-AC17-4A8C-8727-51B6CF9F8107}.Release|Any CPU.ActiveCfg = Release|Any CPU
		{271FFD74-AC17-4A8C-8727-51B6CF9F8107}.Release|Any CPU.Build.0 = Release|Any CPU
		{8EDC0E13-919F-491A-ABFB-1657B61C47BC}.Debug|Any CPU.ActiveCfg = Debug|Any CPU
		{8EDC0E13-919F-491A-ABFB-1657B61C47BC}.Debug|Any CPU.Build.0 = Debug|Any CPU
		{8EDC0E13-919F-491A-ABFB-1657B61C47BC}.Release|Any CPU.ActiveCfg = Release|Any CPU
		{8EDC0E13-919F-491A-ABFB-1657B61C47BC}.Release|Any CPU.Build.0 = Release|Any CPU
	EndGlobalSection
	GlobalSection(SolutionProperties) = preSolution
		HideSolutionNode = FALSE
	EndGlobalSection
	GlobalSection(ExtensibilityGlobals) = postSolution
		SolutionGuid = {5B4CB5AC-A5CB-4588-AB67-223792E6E453}
	EndGlobalSection
EndGlobal
